<?xml version="1.0" encoding="utf-8"?>
<Project ToolsVersion="4.0" xmlns="http://schemas.microsoft.com/developer/msbuild/2003">
  <ItemGroup>
    <Filter Include="Source Files">
      <UniqueIdentifier>{4FC737F1-C7A5-4376-A066-2A32D752A2FF}</UniqueIdentifier>
      <Extensions>cpp;c;cc;cxx;c++;cppm;ixx;def;odl;idl;hpj;bat;asm;asmx</Extensions>
    </Filter>
    <Filter Include="Header Files">
      <UniqueIdentifier>{93995380-89BD-4b04-88EB-625FBE52EBFB}</UniqueIdentifier>
      <Extensions>h;hh;hpp;hxx;h++;hm;inl;inc;ipp;xsd</Extensions>
    </Filter>
    <Filter Include="Resource Files">
      <UniqueIdentifier>{67DA6AB6-F800-4c08-8B7A-83BB121AAD01}</UniqueIdentifier>
      <Extensions>rc;ico;cur;bmp;dlg;rc2;rct;bin;rgs;gif;jpg;jpeg;jpe;resx;tiff;tif;png;wav;mfcribbon-ms</Extensions>
    </Filter>
  </ItemGroup>
  <ItemGroup>
    <ClCompile Include="Source\main.cpp">
      <Filter>Source Files</Filter>
    </ClCompile>
    <ClCompile Include="Source\Elements\Abstract elements\Element.cpp">
      <Filter>Source Files</Filter>
    </ClCompile>
    <ClCompile Include="Source\Elements\Abstract elements\MovableSolid.cpp">
      <Filter>Source Files</Filter>
    </ClCompile>
    <ClCompile Include="Source\Elements\Concrete Elements\Sand.cpp">
      <Filter>Source Files</Filter>
    </ClCompile>
    <ClCompile Include="Source\Elements\Abstract elements\Solid.cpp">
      <Filter>Source Files</Filter>
    </ClCompile>
    <ClCompile Include="Source\Simulation.cpp">
      <Filter>Source Files</Filter>
    </ClCompile>
    <ClCompile Include="Source\Elements\Concrete Elements\Empty.cpp">
      <Filter>Source Files</Filter>
    </ClCompile>
    <ClCompile Include="Source\Elements\Concrete Elements\Water.cpp">
      <Filter>Source Files</Filter>
    </ClCompile>
    <ClCompile Include="Source\Elements\Abstract elements\Liquid.cpp">
      <Filter>Source Files</Filter>
    </ClCompile>
    <ClCompile Include="Source\Elements\Abstract elements\ImmovableSolid.cpp">
      <Filter>Source Files</Filter>
    </ClCompile>
    <ClCompile Include="Source\Elements\Concrete Elements\Rock.cpp">
      <Filter>Source Files</Filter>
    </ClCompile>
    <ClCompile Include="Source\Elements\Abstract elements\Gas.cpp">
      <Filter>Source Files</Filter>
    </ClCompile>
    <ClCompile Include="Source\Elements\Concrete Elements\Smoke.cpp">
      <Filter>Source Files</Filter>
    </ClCompile>
    <ClCompile Include="Source\UI\Button.cpp">
      <Filter>Source Files</Filter>
    </ClCompile>
    <ClCompile Include="Source\UI\ElementButton.cpp">
      <Filter>Source Files</Filter>
    </ClCompile>
    <ClCompile Include="Source\Elements\Concrete Elements\Lava.cpp">
      <Filter>Source Files</Filter>
    </ClCompile>
  </ItemGroup>
  <ItemGroup>
    <ClInclude Include="Source\Elements\Abstract elements\Element.h">
      <Filter>Header Files</Filter>
    </ClInclude>
    <ClInclude Include="Source\Elements\Abstract elements\MovableSolid.h">
      <Filter>Header Files</Filter>
    </ClInclude>
    <ClInclude Include="Source\Elements\Concrete Elements\Sand.h">
      <Filter>Header Files</Filter>
    </ClInclude>
    <ClInclude Include="Source\Elements\Abstract elements\Solid.h">
      <Filter>Header Files</Filter>
    </ClInclude>
    <ClInclude Include="Source\Simulation.h">
      <Filter>Header Files</Filter>
    </ClInclude>
    <ClInclude Include="Source\Elements\Concrete Elements\Empty.h">
      <Filter>Header Files</Filter>
    </ClInclude>
    <ClInclude Include="Source\Enum\ElementTag.h">
      <Filter>Header Files</Filter>
    </ClInclude>
    <ClInclude Include="Source\Elements\Concrete Elements\Water.h">
      <Filter>Header Files</Filter>
    </ClInclude>
    <ClInclude Include="Source\Elements\Abstract elements\Liquid.h">
      <Filter>Header Files</Filter>
    </ClInclude>
    <ClInclude Include="Source\Elements\Abstract elements\ImmovableSolid.h">
      <Filter>Header Files</Filter>
    </ClInclude>
    <ClInclude Include="Source\Elements\Concrete Elements\Rock.h">
      <Filter>Header Files</Filter>
    </ClInclude>
    <ClInclude Include="Source\Elements\Abstract elements\Gas.h">
      <Filter>Header Files</Filter>
    </ClInclude>
    <ClInclude Include="Source\Elements\Concrete Elements\Smoke.h">
      <Filter>Header Files</Filter>
    </ClInclude>
    <ClInclude Include="Source\UI\Button.h">
      <Filter>Header Files</Filter>
    </ClInclude>
    <ClInclude Include="Source\UI\ElementButton.h">
      <Filter>Header Files</Filter>
    </ClInclude>
    <ClInclude Include="Source\Enum\AbstractTag.h">
      <Filter>Header Files</Filter>
    </ClInclude>
    <ClInclude Include="Source\Elements\Concrete Elements\Lava.h">
      <Filter>Header Files</Filter>
    </ClInclude>
  </ItemGroup>
</Project>